
Microsoft Visual Studio Solution File, Format Version 12.00
# Visual Studio Version 16
VisualStudioVersion = 16.0.32228.343
MinimumVisualStudioVersion = 10.0.40219.1
Project("{2150E333-8FDC-42A3-9474-1A3956D46DE8}") = "Sample", "Sample", "{84E54897-4471-43F4-AA26-82791BC81752}"
EndProject
Project("{FAE04EC0-301F-11D3-BF4B-00C04F79EFBC}") = "ConsoleApp0411", "Sample\ConsoleApp0411\ConsoleApp0411.csproj", "{3C42649B-0191-4F56-AB11-41EE6C724781}"
EndProject
Project("{FAE04EC0-301F-11D3-BF4B-00C04F79EFBC}") = "WindowsFormsApp1", "Sample\WindowsFormsApp1\WindowsFormsApp1.csproj", "{0007F479-9992-438E-AF76-14EB519D4F9A}"
EndProject
Project("{FAE04EC0-301F-11D3-BF4B-00C04F79EFBC}") = "BallApp", "Sample\BallApp\BallApp.csproj", "{964B00D8-F6A2-4CA9-A79A-E0A62AC958F5}"
EndProject
Project("{2150E333-8FDC-42A3-9474-1A3956D46DE8}") = "Chapter01", "Chapter01", "{616C3EA6-FA56-4E8D-835E-6E7F3E30D12E}"
EndProject
Project("{FAE04EC0-301F-11D3-BF4B-00C04F79EFBC}") = "ProductSample", "Chapter01\Product\ProductSample.csproj", "{AC8E722D-F7CA-4F98-9A9C-7806E74ABC24}"
EndProject
Project("{2150E333-8FDC-42A3-9474-1A3956D46DE8}") = "Chapter02", "Chapter02", "{D2C8C647-4A14-4F0D-B362-8EF7D769B431}"
EndProject
Project("{2150E333-8FDC-42A3-9474-1A3956D46DE8}") = "距離換算プログラム", "距離換算プログラム", "{561D6936-2007-4B18-8E67-A428B764C49D}"
EndProject
Project("{FAE04EC0-301F-11D3-BF4B-00C04F79EFBC}") = "DistanceConverter", "Chapter02\距離換算プログラム\DistanceConverter\DistanceConverter.csproj", "{06E8502C-6556-4902-8266-672E3EEEA1C0}"
EndProject
Project("{2150E333-8FDC-42A3-9474-1A3956D46DE8}") = "売り上げ集計プログラム", "売り上げ集計プログラム", "{E2D9A9BB-AF63-4B35-B6BE-B2283466CEBE}"
EndProject
Project("{FAE04EC0-301F-11D3-BF4B-00C04F79EFBC}") = "SalesCalculator", "Chapter02\売り上げ集計プログラム\SalesCalculator\SalesCalculator.csproj", "{792300EE-AA9C-4CEE-A3C4-169338EC2BD5}"
EndProject
Project("{2150E333-8FDC-42A3-9474-1A3956D46DE8}") = "演習問題", "演習問題", "{43622DD5-6C66-4001-9283-BFB646242A44}"
EndProject
Project("{FAE04EC0-301F-11D3-BF4B-00C04F79EFBC}") = "Exercise01", "Chapter02\演習問題\Exercise01\Exercise01.csproj", "{8D82221C-589B-4FBE-A347-CFDAE981F16D}"
EndProject
Project("{FAE04EC0-301F-11D3-BF4B-00C04F79EFBC}") = "Exercise02", "Chapter02\演習問題\Exercise02\Exercise02\Exercise02.csproj", "{430BE181-5963-4328-BB54-A2423DFEC39E}"
EndProject
Project("{FAE04EC0-301F-11D3-BF4B-00C04F79EFBC}") = "Exercise03", "Chapter02\演習問題\Exercise03\Exercise03\Exercise03.csproj", "{723BACE3-4203-4927-A14C-DFABDF00ECFA}"
EndProject
Project("{2150E333-8FDC-42A3-9474-1A3956D46DE8}") = "Chapter03", "Chapter03", "{580C89E7-D6C5-4E43-AEA8-4970B12B2134}"
EndProject
Project("{FAE04EC0-301F-11D3-BF4B-00C04F79EFBC}") = "Section01", "Chapter03\Section01\Section01.csproj", "{C6541F3B-C877-4AE9-80B0-45380C3C01A8}"
EndProject
Project("{2150E333-8FDC-42A3-9474-1A3956D46DE8}") = "Section01", "Section01", "{8DAF4643-FAAA-47AE-9BF1-2236740448F8}"
EndProject
Global
	GlobalSection(SolutionConfigurationPlatforms) = preSolution
		Debug|Any CPU = Debug|Any CPU
		Release|Any CPU = Release|Any CPU
	EndGlobalSection
	GlobalSection(ProjectConfigurationPlatforms) = postSolution
		{3C42649B-0191-4F56-AB11-41EE6C724781}.Debug|Any CPU.ActiveCfg = Debug|Any CPU
		{3C42649B-0191-4F56-AB11-41EE6C724781}.Debug|Any CPU.Build.0 = Debug|Any CPU
		{3C42649B-0191-4F56-AB11-41EE6C724781}.Release|Any CPU.ActiveCfg = Release|Any CPU
		{3C42649B-0191-4F56-AB11-41EE6C724781}.Release|Any CPU.Build.0 = Release|Any CPU
		{0007F479-9992-438E-AF76-14EB519D4F9A}.Debug|Any CPU.ActiveCfg = Debug|Any CPU
		{0007F479-9992-438E-AF76-14EB519D4F9A}.Debug|Any CPU.Build.0 = Debug|Any CPU
		{0007F479-9992-438E-AF76-14EB519D4F9A}.Release|Any CPU.ActiveCfg = Release|Any CPU
		{0007F479-9992-438E-AF76-14EB519D4F9A}.Release|Any CPU.Build.0 = Release|Any CPU
		{964B00D8-F6A2-4CA9-A79A-E0A62AC958F5}.Debug|Any CPU.ActiveCfg = Debug|Any CPU
		{964B00D8-F6A2-4CA9-A79A-E0A62AC958F5}.Debug|Any CPU.Build.0 = Debug|Any CPU
		{964B00D8-F6A2-4CA9-A79A-E0A62AC958F5}.Release|Any CPU.ActiveCfg = Release|Any CPU
		{964B00D8-F6A2-4CA9-A79A-E0A62AC958F5}.Release|Any CPU.Build.0 = Release|Any CPU
		{AC8E722D-F7CA-4F98-9A9C-7806E74ABC24}.Debug|Any CPU.ActiveCfg = Debug|Any CPU
		{AC8E722D-F7CA-4F98-9A9C-7806E74ABC24}.Debug|Any CPU.Build.0 = Debug|Any CPU
		{AC8E722D-F7CA-4F98-9A9C-7806E74ABC24}.Release|Any CPU.ActiveCfg = Release|Any CPU
		{AC8E722D-F7CA-4F98-9A9C-7806E74ABC24}.Release|Any CPU.Build.0 = Release|Any CPU
		{06E8502C-6556-4902-8266-672E3EEEA1C0}.Debug|Any CPU.ActiveCfg = Debug|Any CPU
		{06E8502C-6556-4902-8266-672E3EEEA1C0}.Debug|Any CPU.Build.0 = Debug|Any CPU
		{06E8502C-6556-4902-8266-672E3EEEA1C0}.Release|Any CPU.ActiveCfg = Release|Any CPU
		{06E8502C-6556-4902-8266-672E3EEEA1C0}.Release|Any CPU.Build.0 = Release|Any CPU
		{792300EE-AA9C-4CEE-A3C4-169338EC2BD5}.Debug|Any CPU.ActiveCfg = Debug|Any CPU
		{792300EE-AA9C-4CEE-A3C4-169338EC2BD5}.Debug|Any CPU.Build.0 = Debug|Any CPU
		{792300EE-AA9C-4CEE-A3C4-169338EC2BD5}.Release|Any CPU.ActiveCfg = Release|Any CPU
		{792300EE-AA9C-4CEE-A3C4-169338EC2BD5}.Release|Any CPU.Build.0 = Release|Any CPU
		{8D82221C-589B-4FBE-A347-CFDAE981F16D}.Debug|Any CPU.ActiveCfg = Debug|Any CPU
		{8D82221C-589B-4FBE-A347-CFDAE981F16D}.Debug|Any CPU.Build.0 = Debug|Any CPU
		{8D82221C-589B-4FBE-A347-CFDAE981F16D}.Release|Any CPU.ActiveCfg = Release|Any CPU
		{8D82221C-589B-4FBE-A347-CFDAE981F16D}.Release|Any CPU.Build.0 = Release|Any CPU
		{430BE181-5963-4328-BB54-A2423DFEC39E}.Debug|Any CPU.ActiveCfg = Debug|Any CPU
		{430BE181-5963-4328-BB54-A2423DFEC39E}.Debug|Any CPU.Build.0 = Debug|Any CPU
		{430BE181-5963-4328-BB54-A2423DFEC39E}.Release|Any CPU.ActiveCfg = Release|Any CPU
		{430BE181-5963-4328-BB54-A2423DFEC39E}.Release|Any CPU.Build.0 = Release|Any CPU
		{723BACE3-4203-4927-A14C-DFABDF00ECFA}.Debug|Any CPU.ActiveCfg = Debug|Any CPU
		{723BACE3-4203-4927-A14C-DFABDF00ECFA}.Debug|Any CPU.Build.0 = Debug|Any CPU
		{723BACE3-4203-4927-A14C-DFABDF00ECFA}.Release|Any CPU.ActiveCfg = Release|Any CPU
		{723BACE3-4203-4927-A14C-DFABDF00ECFA}.Release|Any CPU.Build.0 = Release|Any CPU
		{C6541F3B-C877-4AE9-80B0-45380C3C01A8}.Debug|Any CPU.ActiveCfg = Debug|Any CPU
		{C6541F3B-C877-4AE9-80B0-45380C3C01A8}.Debug|Any CPU.Build.0 = Debug|Any CPU
		{C6541F3B-C877-4AE9-80B0-45380C3C01A8}.Release|Any CPU.ActiveCfg = Release|Any CPU
		{C6541F3B-C877-4AE9-80B0-45380C3C01A8}.Release|Any CPU.Build.0 = Release|Any CPU
	EndGlobalSection
	GlobalSection(SolutionProperties) = preSolution
		HideSolutionNode = FALSE
	EndGlobalSection
	GlobalSection(NestedProjects) = preSolution
		{3C42649B-0191-4F56-AB11-41EE6C724781} = {84E54897-4471-43F4-AA26-82791BC81752}
		{0007F479-9992-438E-AF76-14EB519D4F9A} = {84E54897-4471-43F4-AA26-82791BC81752}
		{964B00D8-F6A2-4CA9-A79A-E0A62AC958F5} = {84E54897-4471-43F4-AA26-82791BC81752}
		{AC8E722D-F7CA-4F98-9A9C-7806E74ABC24} = {616C3EA6-FA56-4E8D-835E-6E7F3E30D12E}
		{561D6936-2007-4B18-8E67-A428B764C49D} = {D2C8C647-4A14-4F0D-B362-8EF7D769B431}
		{06E8502C-6556-4902-8266-672E3EEEA1C0} = {561D6936-2007-4B18-8E67-A428B764C49D}
		{E2D9A9BB-AF63-4B35-B6BE-B2283466CEBE} = {D2C8C647-4A14-4F0D-B362-8EF7D769B431}
		{792300EE-AA9C-4CEE-A3C4-169338EC2BD5} = {E2D9A9BB-AF63-4B35-B6BE-B2283466CEBE}
		{43622DD5-6C66-4001-9283-BFB646242A44} = {D2C8C647-4A14-4F0D-B362-8EF7D769B431}
		{8D82221C-589B-4FBE-A347-CFDAE981F16D} = {43622DD5-6C66-4001-9283-BFB646242A44}
		{430BE181-5963-4328-BB54-A2423DFEC39E} = {43622DD5-6C66-4001-9283-BFB646242A44}
		{723BACE3-4203-4927-A14C-DFABDF00ECFA} = {43622DD5-6C66-4001-9283-BFB646242A44}
		{C6541F3B-C877-4AE9-80B0-45380C3C01A8} = {8DAF4643-FAAA-47AE-9BF1-2236740448F8}
		{8DAF4643-FAAA-47AE-9BF1-2236740448F8} = {580C89E7-D6C5-4E43-AEA8-4970B12B2134}
	EndGlobalSection
	GlobalSection(ExtensibilityGlobals) = postSolution
		SolutionGuid = {162B1717-85B4-438B-B40D-CBD552FD7CB0}
	EndGlobalSection
EndGlobal
