
Microsoft Visual Studio Solution File, Format Version 12.00
# Visual Studio Version 16
VisualStudioVersion = 16.0.32228.343
MinimumVisualStudioVersion = 10.0.40219.1
Project("{2150E333-8FDC-42A3-9474-1A3956D46DE8}") = "Sample", "Sample", "{84E54897-4471-43F4-AA26-82791BC81752}"
EndProject
Project("{FAE04EC0-301F-11D3-BF4B-00C04F79EFBC}") = "ConsoleApp0411", "Sample\ConsoleApp0411\ConsoleApp0411.csproj", "{3C42649B-0191-4F56-AB11-41EE6C724781}"
EndProject
Project("{FAE04EC0-301F-11D3-BF4B-00C04F79EFBC}") = "WindowsFormsApp1", "Sample\WindowsFormsApp1\WindowsFormsApp1.csproj", "{0007F479-9992-438E-AF76-14EB519D4F9A}"
EndProject
Project("{FAE04EC0-301F-11D3-BF4B-00C04F79EFBC}") = "BallApp", "Sample\BallApp\BallApp.csproj", "{964B00D8-F6A2-4CA9-A79A-E0A62AC958F5}"
EndProject
Project("{2150E333-8FDC-42A3-9474-1A3956D46DE8}") = "Chapter01", "Chapter01", "{616C3EA6-FA56-4E8D-835E-6E7F3E30D12E}"
EndProject
Project("{FAE04EC0-301F-11D3-BF4B-00C04F79EFBC}") = "ProductSample", "Chapter01\Product\ProductSample.csproj", "{AC8E722D-F7CA-4F98-9A9C-7806E74ABC24}"
EndProject
Project("{2150E333-8FDC-42A3-9474-1A3956D46DE8}") = "Chapter02", "Chapter02", "{D2C8C647-4A14-4F0D-B362-8EF7D769B431}"
EndProject
Project("{2150E333-8FDC-42A3-9474-1A3956D46DE8}") = "距離換算プログラム", "距離換算プログラム", "{561D6936-2007-4B18-8E67-A428B764C49D}"
EndProject
Project("{FAE04EC0-301F-11D3-BF4B-00C04F79EFBC}") = "DistanceConverter", "Chapter02\距離換算プログラム\DistanceConverter\DistanceConverter.csproj", "{06E8502C-6556-4902-8266-672E3EEEA1C0}"
EndProject
Project("{2150E333-8FDC-42A3-9474-1A3956D46DE8}") = "売り上げ集計プログラム", "売り上げ集計プログラム", "{E2D9A9BB-AF63-4B35-B6BE-B2283466CEBE}"
EndProject
Project("{FAE04EC0-301F-11D3-BF4B-00C04F79EFBC}") = "SalesCalculator", "Chapter02\売り上げ集計プログラム\SalesCalculator\SalesCalculator.csproj", "{792300EE-AA9C-4CEE-A3C4-169338EC2BD5}"
EndProject
Project("{2150E333-8FDC-42A3-9474-1A3956D46DE8}") = "演習問題", "演習問題", "{43622DD5-6C66-4001-9283-BFB646242A44}"
EndProject
Project("{FAE04EC0-301F-11D3-BF4B-00C04F79EFBC}") = "Exercise01", "Chapter02\演習問題\Exercise01\Exercise01.csproj", "{8D82221C-589B-4FBE-A347-CFDAE981F16D}"
EndProject
Project("{FAE04EC0-301F-11D3-BF4B-00C04F79EFBC}") = "Exercise02", "Chapter02\演習問題\Exercise02\Exercise02\Exercise02.csproj", "{430BE181-5963-4328-BB54-A2423DFEC39E}"
EndProject
Project("{FAE04EC0-301F-11D3-BF4B-00C04F79EFBC}") = "Exercise03", "Chapter02\演習問題\Exercise03\Exercise03\Exercise03.csproj", "{723BACE3-4203-4927-A14C-DFABDF00ECFA}"
EndProject
Project("{2150E333-8FDC-42A3-9474-1A3956D46DE8}") = "Chapter03", "Chapter03", "{580C89E7-D6C5-4E43-AEA8-4970B12B2134}"
EndProject
Project("{FAE04EC0-301F-11D3-BF4B-00C04F79EFBC}") = "Section01", "Chapter03\Section01\Section01.csproj", "{C6541F3B-C877-4AE9-80B0-45380C3C01A8}"
EndProject
Project("{FAE04EC0-301F-11D3-BF4B-00C04F79EFBC}") = "Section03", "Chapter03\Section03\Section03\Section03.csproj", "{CCA50653-E00E-4975-A149-93E22D3B0889}"
EndProject
Project("{FAE04EC0-301F-11D3-BF4B-00C04F79EFBC}") = "Section04", "Chapter03\Section04\Section04.csproj", "{F03550F5-AF27-455A-99EC-CCBF00D5CDA8}"
EndProject
Project("{2150E333-8FDC-42A3-9474-1A3956D46DE8}") = "演習問題", "演習問題", "{B12C3F03-124E-4944-88E2-E298D80794EA}"
EndProject
Project("{FAE04EC0-301F-11D3-BF4B-00C04F79EFBC}") = "Exercise01", "Chapter03\演習問題\Exercise01\Exercise01.csproj", "{CB324FC2-C66D-4F43-9A6A-17101BE7255F}"
EndProject
Project("{FAE04EC0-301F-11D3-BF4B-00C04F79EFBC}") = "Exercise02", "Chapter03\演習問題\Exercise02\Exercise02.csproj", "{BB2568AC-3474-4E6E-8962-DCDF3BDF4B6E}"
EndProject
Project("{2150E333-8FDC-42A3-9474-1A3956D46DE8}") = "Chapter04", "Chapter04", "{ADFEB727-D785-4534-9EC1-B0376DA05591}"
EndProject
Project("{2150E333-8FDC-42A3-9474-1A3956D46DE8}") = "P115_条件演算子・null合体演算子", "P115_条件演算子・null合体演算子", "{8A13E1D3-7964-4428-B007-41CEA6F856AE}"
EndProject
Project("{FAE04EC0-301F-11D3-BF4B-00C04F79EFBC}") = "Section04", "Chapter04\条件演算子・null合体演算子\Section04\Section04.csproj", "{DD2AFD5F-E5D6-4F84-B7F9-2E727F5F81EE}"
EndProject
Project("{2150E333-8FDC-42A3-9474-1A3956D46DE8}") = "P126_TryParse", "P126_TryParse", "{9E7C5545-1B46-461B-AAB8-01D54272AFBF}"
EndProject
Project("{FAE04EC0-301F-11D3-BF4B-00C04F79EFBC}") = "Section07", "Chapter04\TryParse\Section07\Section07.csproj", "{446B4FBC-19FC-44B1-A4C3-CAE00781F086}"
EndProject
Project("{2150E333-8FDC-42A3-9474-1A3956D46DE8}") = "演習問題", "演習問題", "{47140D9E-292A-473D-A78A-78FD3AA283AA}"
EndProject
Project("{FAE04EC0-301F-11D3-BF4B-00C04F79EFBC}") = "Exercise01", "Chapter04\演習問題\Exercise01\Exercise01.csproj", "{498CCFB5-088D-4DE4-8514-ACA92ABB4386}"
EndProject
Project("{FAE04EC0-301F-11D3-BF4B-00C04F79EFBC}") = "Exercise02", "Chapter04\演習問題\Exercise02\Exercise02.csproj", "{2A49EF72-943A-424F-A825-FA83BA2CC682}"
EndProject
Project("{2150E333-8FDC-42A3-9474-1A3956D46DE8}") = "Chapter05", "Chapter05", "{15B3FD10-273A-4040-A418-544F1EB198E3}"
EndProject
Project("{2150E333-8FDC-42A3-9474-1A3956D46DE8}") = "演習問題", "演習問題", "{005C3ACF-DFC9-44FB-8232-718576D1F039}"
EndProject
Project("{FAE04EC0-301F-11D3-BF4B-00C04F79EFBC}") = "Exercise01", "Chapter05\演習問題\Exercise01\Exercise01.csproj", "{06F61BAE-B4B9-40C4-872D-D420135307AD}"
EndProject
Project("{FAE04EC0-301F-11D3-BF4B-00C04F79EFBC}") = "Exercise02", "Chapter05\演習問題\Exercise02\Exercise02.csproj", "{9859B35A-840E-446B-92A9-CDD07D001EAD}"
EndProject
Project("{FAE04EC0-301F-11D3-BF4B-00C04F79EFBC}") = "Exercise03", "Chapter05\演習問題\Exercise03\Exercise03.csproj", "{ECD72435-DF57-490E-A8FB-5DCA179FC5BD}"
EndProject
Project("{FAE04EC0-301F-11D3-BF4B-00C04F79EFBC}") = "Exercise04", "Chapter05\演習問題\Exercise04\Exercise04.csproj", "{5E510619-A0B4-4DC7-AA2F-2B97E5357ECC}"
EndProject
Project("{2150E333-8FDC-42A3-9474-1A3956D46DE8}") = "Chapter06", "Chapter06", "{496C8571-6CA0-4870-986C-757DA321EBA7}"
EndProject
Project("{FAE04EC0-301F-11D3-BF4B-00C04F79EFBC}") = "Section01", "Chapter06\Section01\Section01.csproj", "{B55A135A-06E3-4D3F-B1E5-B6427C530B45}"
EndProject
Project("{FAE04EC0-301F-11D3-BF4B-00C04F79EFBC}") = "Section02", "Chapter06\Section02\Section02.csproj", "{E989D72A-F5F4-4968-9CD4-7527A366CE4C}"
EndProject
Project("{2150E333-8FDC-42A3-9474-1A3956D46DE8}") = "演習問題", "演習問題", "{63C61517-8ACE-4273-BF0D-E0D98323DB12}"
EndProject
Project("{FAE04EC0-301F-11D3-BF4B-00C04F79EFBC}") = "Exercise01", "Chapter06\演習問題\Exercise01\Exercise01.csproj", "{959542D0-A369-4A75-8520-181A71B4D747}"
EndProject
Project("{FAE04EC0-301F-11D3-BF4B-00C04F79EFBC}") = "Exercise02", "Chapter06\演習問題\Exercise02\Exercise02.csproj", "{68B3E4B1-FB85-4D07-97B8-37F992770D80}"
EndProject
Project("{2150E333-8FDC-42A3-9474-1A3956D46DE8}") = "試験01", "試験01", "{68C42F32-275B-4D7A-8AC2-7531D6DC3CEC}"
EndProject
Project("{FAE04EC0-301F-11D3-BF4B-00C04F79EFBC}") = "Test01", "TestProject\Test01\Test01.csproj", "{2BFACDC3-F44D-4199-8498-F5C3C4AC0335}"
EndProject
Project("{FAE04EC0-301F-11D3-BF4B-00C04F79EFBC}") = "Test02", "TestProject\Test02\Test02.csproj", "{E461C0A8-8900-485C-B520-E929BA33F712}"
EndProject
Project("{2150E333-8FDC-42A3-9474-1A3956D46DE8}") = "Chapter07", "Chapter07", "{1FC6EA37-8C04-474B-85E3-DEF6C59CF341}"
EndProject
Project("{FAE04EC0-301F-11D3-BF4B-00C04F79EFBC}") = "Section01", "Chapter07\Section01\Section01.csproj", "{A9AFB75D-CE41-4948-B8EF-65D25DC99DB7}"
EndProject
Project("{FAE04EC0-301F-11D3-BF4B-00C04F79EFBC}") = "Section02", "Chapter07\Section02\Section02.csproj", "{6FC29E00-7F64-4493-AB78-AD47218DA304}"
EndProject
Project("{FAE04EC0-301F-11D3-BF4B-00C04F79EFBC}") = "Section01_ANS", "Chapter07\Section01_ANS\Section01_ANS.csproj", "{610C29F0-3C58-4AB7-A04B-F54438FDF4A1}"
EndProject
Project("{FAE04EC0-301F-11D3-BF4B-00C04F79EFBC}") = "Section03", "Chapter07\Section03\Section03.csproj", "{DA636FA9-6FFF-4490-B634-4EBC07FDD5E0}"
EndProject
Project("{2150E333-8FDC-42A3-9474-1A3956D46DE8}") = "演習問題", "演習問題", "{DC8CF740-2972-4D9F-90C5-628E7309DCDD}"
EndProject
Project("{FAE04EC0-301F-11D3-BF4B-00C04F79EFBC}") = "Exercise01", "Chapter07\演習問題\Exercise01\Exercise01.csproj", "{4F977F4D-E0A7-4DC3-BECC-FB5023C3189F}"
EndProject
Project("{FAE04EC0-301F-11D3-BF4B-00C04F79EFBC}") = "Exercise02", "Chapter07\演習問題\Exercise02\Exercise02.csproj", "{D4F50074-72B8-4781-9C81-39B00224BA24}"
EndProject
Project("{2150E333-8FDC-42A3-9474-1A3956D46DE8}") = "Chapter08", "Chapter08", "{8B07F094-F1FF-46FC-A007-090CE9D318A2}"
EndProject
Project("{2150E333-8FDC-42A3-9474-1A3956D46DE8}") = "演習問題", "演習問題", "{DC1FFAA7-9BF3-4B3F-A875-7CF7F7369436}"
EndProject
Project("{FAE04EC0-301F-11D3-BF4B-00C04F79EFBC}") = "Exercise01", "Chapter08\演習問題\Exercise01\Exercise01.csproj", "{215658C3-3BB9-4C24-905C-0A026BA86915}"
EndProject
Project("{FAE04EC0-301F-11D3-BF4B-00C04F79EFBC}") = "Exercise02", "Chapter08\演習問題\Exercise02\Exercise02.csproj", "{6687F8C4-3982-4A88-B0D6-8D3031710BB1}"
EndProject
Project("{FAE04EC0-301F-11D3-BF4B-00C04F79EFBC}") = "Exercise03", "Chapter08\演習問題\Exercise03\Exercise03.csproj", "{D614FA80-D264-4E2D-B07B-9515A14F9D1E}"
EndProject
Project("{2150E333-8FDC-42A3-9474-1A3956D46DE8}") = "フォームアプリケーション", "フォームアプリケーション", "{777D55DC-A439-4A16-811B-2CC901312E8F}"
EndProject
Project("{FAE04EC0-301F-11D3-BF4B-00C04F79EFBC}") = "CalendarApp", "Chapter08\フォームアプリケーション\CalendarApp\CalendarApp.csproj", "{A35CB0B0-CDCE-48DB-98D7-19F3B08BE6E4}"
EndProject
Project("{2150E333-8FDC-42A3-9474-1A3956D46DE8}") = "FormApps", "FormApps", "{212F817F-2EA8-4CAB-B91C-C9C46DE86774}"
EndProject
Project("{FAE04EC0-301F-11D3-BF4B-00C04F79EFBC}") = "CarReportSystem", "FormApps\CarReportSystem\CarReportSystem.csproj", "{A3F3C2D0-0892-43B6-B935-809D5A0B498D}"
EndProject
Project("{2150E333-8FDC-42A3-9474-1A3956D46DE8}") = "Chapter13", "Chapter13", "{A5B09EFC-8E26-4C80-BF36-6BABD4820C9A}"
EndProject
Project("{FAE04EC0-301F-11D3-BF4B-00C04F79EFBC}") = "SampleEntityFrameWork", "Chapter13\SampleEntityFrameWork\SampleEntityFrameWork.csproj", "{19D0A1E7-95A4-4DA0-B42C-9878E1D69247}"
EndProject
Project("{2150E333-8FDC-42A3-9474-1A3956D46DE8}") = "Chapter14", "Chapter14", "{75EE6F8E-D7CE-4191-8A3C-AA868B610D1A}"
EndProject
Project("{FAE04EC0-301F-11D3-BF4B-00C04F79EFBC}") = "Section01", "Chapter14\Section01\Section01.csproj", "{18EA4E3A-0E88-4781-A30C-062FD4F07B2A}"
EndProject
Project("{FAE04EC0-301F-11D3-BF4B-00C04F79EFBC}") = "Section02", "Chapter14\Section02\Section02.csproj", "{527779AA-AE47-4C44-84F7-8F1EFC4CAB3F}"
EndProject
Project("{FAE04EC0-301F-11D3-BF4B-00C04F79EFBC}") = "Section04", "Chapter14\Section04\Section04.csproj", "{F7078A30-E086-4FC5-886C-D51BAC08063B}"
EndProject
Project("{FAE04EC0-301F-11D3-BF4B-00C04F79EFBC}") = "RssReader", "FormApps\RssReader\RssReader.csproj", "{112F337C-A1E2-4631-BF48-8A634B32F9CF}"
EndProject
Project("{2150E333-8FDC-42A3-9474-1A3956D46DE8}") = "Chapter10", "Chapter10", "{FE67B9AF-5647-42DA-A83B-F9E95A202504}"
EndProject
Project("{FAE04EC0-301F-11D3-BF4B-00C04F79EFBC}") = "Section02", "Chapter10\Section02\Section02.csproj", "{086919A8-52F8-4E6D-8281-9AE3F09CDBC3}"
EndProject
Project("{FAE04EC0-301F-11D3-BF4B-00C04F79EFBC}") = "Section03", "Chapter10\Section03\Section03.csproj", "{6DB77199-B040-400C-9A5A-16D5C91F7DE5}"
EndProject
Project("{2150E333-8FDC-42A3-9474-1A3956D46DE8}") = "演習問題", "演習問題", "{D6D13EC6-8821-4BB7-AEDC-6D3B6ED964F3}"
EndProject
Project("{FAE04EC0-301F-11D3-BF4B-00C04F79EFBC}") = "Exercise01", "Chapter10\演習問題\Exercise01\Exercise01.csproj", "{77D067FF-DD10-4037-B6FB-21A0B7EA2C22}"
EndProject
Project("{FAE04EC0-301F-11D3-BF4B-00C04F79EFBC}") = "Exercise02", "Chapter10\演習問題\Exercise02\Exercise02.csproj", "{BD59CF2F-FB6A-46A6-80DA-C343EB91EA14}"
EndProject
Project("{FAE04EC0-301F-11D3-BF4B-00C04F79EFBC}") = "Exercise03", "Chapter10\演習問題\Exercise03\Exercise03.csproj", "{BCE0A141-9952-4A52-A976-83663DDDD39E}"
EndProject
Project("{FAE04EC0-301F-11D3-BF4B-00C04F79EFBC}") = "Exercise04", "Chapter10\演習問題\Exercise04\Exercise04.csproj", "{79E9586D-3E43-46BF-A5F2-A121207DBC7B}"
EndProject
Project("{FAE04EC0-301F-11D3-BF4B-00C04F79EFBC}") = "Exercise05", "Chapter10\演習問題\Exercise05\Exercise05.csproj", "{FEFEB3FF-FF38-4116-9ED4-478244F73841}"
EndProject
Project("{FAE04EC0-301F-11D3-BF4B-00C04F79EFBC}") = "Exercise06", "Chapter10\演習問題\Exercise06\Exercise06.csproj", "{59259BF9-B19D-434C-816E-894EDD7BCBDC}"
EndProject
Project("{2150E333-8FDC-42A3-9474-1A3956D46DE8}") = "Chapter15", "Chapter15", "{AECA91FE-C47E-45BF-8B95-FE43D4DF4BD0}"
EndProject
Project("{FAE04EC0-301F-11D3-BF4B-00C04F79EFBC}") = "Section01", "Chapter15\Section01\Section01.csproj", "{DA26CA4F-4F10-47B5-8B7D-4E24F1866E35}"
EndProject
Project("{2150E333-8FDC-42A3-9474-1A3956D46DE8}") = "演習問題", "演習問題", "{E0822694-0A81-405C-B7DC-35061466F4E3}"
EndProject
Project("{FAE04EC0-301F-11D3-BF4B-00C04F79EFBC}") = "Exercise01", "Chapter15\演習問題\Exercise01\Exercise01.csproj", "{527D3D55-50FC-4B42-B839-8227278C6E3B}"
EndProject
Project("{2150E333-8FDC-42A3-9474-1A3956D46DE8}") = "Chapter17", "Chapter17", "{0C769668-782E-4D60-B37D-00E9FDE10998}"
EndProject
Project("{FAE04EC0-301F-11D3-BF4B-00C04F79EFBC}") = "Section01", "Chapter17\Section01\Section01.csproj", "{48C17D6B-689D-4538-8109-4321E6A49EDA}"
EndProject
Project("{2150E333-8FDC-42A3-9474-1A3956D46DE8}") = "TemplateMethod", "TemplateMethod", "{6F9D3762-BDE4-489E-A150-7DDB72C50441}"
EndProject
Project("{FAE04EC0-301F-11D3-BF4B-00C04F79EFBC}") = "TextFileProcessor", "Chapter17\TemplateMethod\TextFileProcessor\TextFileProcessor.csproj", "{75F781EC-BF84-477F-B84D-7C827C0D8BBA}"
EndProject
Project("{FAE04EC0-301F-11D3-BF4B-00C04F79EFBC}") = "LineCounter", "Chapter17\TemplateMethod\LineCounter\LineCounter.csproj", "{62EF55D7-597E-4B08-877A-35BFF680C65D}"
EndProject
Project("{2150E333-8FDC-42A3-9474-1A3956D46DE8}") = "Strategy", "Strategy", "{D773572F-D2CD-4EAD-B923-168F5860DBDB}"
EndProject
Project("{FAE04EC0-301F-11D3-BF4B-00C04F79EFBC}") = "DistanceConverter", "Chapter17\Strategy\DistanceConverter\DistanceConverter.csproj", "{3B9239E6-7E9C-41E4-8F37-9F84234516D1}"
EndProject
Global
	GlobalSection(SolutionConfigurationPlatforms) = preSolution
		Debug|Any CPU = Debug|Any CPU
		Release|Any CPU = Release|Any CPU
	EndGlobalSection
	GlobalSection(ProjectConfigurationPlatforms) = postSolution
		{3C42649B-0191-4F56-AB11-41EE6C724781}.Debug|Any CPU.ActiveCfg = Debug|Any CPU
		{3C42649B-0191-4F56-AB11-41EE6C724781}.Debug|Any CPU.Build.0 = Debug|Any CPU
		{3C42649B-0191-4F56-AB11-41EE6C724781}.Release|Any CPU.ActiveCfg = Release|Any CPU
		{3C42649B-0191-4F56-AB11-41EE6C724781}.Release|Any CPU.Build.0 = Release|Any CPU
		{0007F479-9992-438E-AF76-14EB519D4F9A}.Debug|Any CPU.ActiveCfg = Debug|Any CPU
		{0007F479-9992-438E-AF76-14EB519D4F9A}.Debug|Any CPU.Build.0 = Debug|Any CPU
		{0007F479-9992-438E-AF76-14EB519D4F9A}.Release|Any CPU.ActiveCfg = Release|Any CPU
		{0007F479-9992-438E-AF76-14EB519D4F9A}.Release|Any CPU.Build.0 = Release|Any CPU
		{964B00D8-F6A2-4CA9-A79A-E0A62AC958F5}.Debug|Any CPU.ActiveCfg = Debug|Any CPU
		{964B00D8-F6A2-4CA9-A79A-E0A62AC958F5}.Debug|Any CPU.Build.0 = Debug|Any CPU
		{964B00D8-F6A2-4CA9-A79A-E0A62AC958F5}.Release|Any CPU.ActiveCfg = Release|Any CPU
		{964B00D8-F6A2-4CA9-A79A-E0A62AC958F5}.Release|Any CPU.Build.0 = Release|Any CPU
		{AC8E722D-F7CA-4F98-9A9C-7806E74ABC24}.Debug|Any CPU.ActiveCfg = Debug|Any CPU
		{AC8E722D-F7CA-4F98-9A9C-7806E74ABC24}.Debug|Any CPU.Build.0 = Debug|Any CPU
		{AC8E722D-F7CA-4F98-9A9C-7806E74ABC24}.Release|Any CPU.ActiveCfg = Release|Any CPU
		{AC8E722D-F7CA-4F98-9A9C-7806E74ABC24}.Release|Any CPU.Build.0 = Release|Any CPU
		{06E8502C-6556-4902-8266-672E3EEEA1C0}.Debug|Any CPU.ActiveCfg = Debug|Any CPU
		{06E8502C-6556-4902-8266-672E3EEEA1C0}.Debug|Any CPU.Build.0 = Debug|Any CPU
		{06E8502C-6556-4902-8266-672E3EEEA1C0}.Release|Any CPU.ActiveCfg = Release|Any CPU
		{06E8502C-6556-4902-8266-672E3EEEA1C0}.Release|Any CPU.Build.0 = Release|Any CPU
		{792300EE-AA9C-4CEE-A3C4-169338EC2BD5}.Debug|Any CPU.ActiveCfg = Debug|Any CPU
		{792300EE-AA9C-4CEE-A3C4-169338EC2BD5}.Debug|Any CPU.Build.0 = Debug|Any CPU
		{792300EE-AA9C-4CEE-A3C4-169338EC2BD5}.Release|Any CPU.ActiveCfg = Release|Any CPU
		{792300EE-AA9C-4CEE-A3C4-169338EC2BD5}.Release|Any CPU.Build.0 = Release|Any CPU
		{8D82221C-589B-4FBE-A347-CFDAE981F16D}.Debug|Any CPU.ActiveCfg = Debug|Any CPU
		{8D82221C-589B-4FBE-A347-CFDAE981F16D}.Debug|Any CPU.Build.0 = Debug|Any CPU
		{8D82221C-589B-4FBE-A347-CFDAE981F16D}.Release|Any CPU.ActiveCfg = Release|Any CPU
		{8D82221C-589B-4FBE-A347-CFDAE981F16D}.Release|Any CPU.Build.0 = Release|Any CPU
		{430BE181-5963-4328-BB54-A2423DFEC39E}.Debug|Any CPU.ActiveCfg = Debug|Any CPU
		{430BE181-5963-4328-BB54-A2423DFEC39E}.Debug|Any CPU.Build.0 = Debug|Any CPU
		{430BE181-5963-4328-BB54-A2423DFEC39E}.Release|Any CPU.ActiveCfg = Release|Any CPU
		{430BE181-5963-4328-BB54-A2423DFEC39E}.Release|Any CPU.Build.0 = Release|Any CPU
		{723BACE3-4203-4927-A14C-DFABDF00ECFA}.Debug|Any CPU.ActiveCfg = Debug|Any CPU
		{723BACE3-4203-4927-A14C-DFABDF00ECFA}.Debug|Any CPU.Build.0 = Debug|Any CPU
		{723BACE3-4203-4927-A14C-DFABDF00ECFA}.Release|Any CPU.ActiveCfg = Release|Any CPU
		{723BACE3-4203-4927-A14C-DFABDF00ECFA}.Release|Any CPU.Build.0 = Release|Any CPU
		{C6541F3B-C877-4AE9-80B0-45380C3C01A8}.Debug|Any CPU.ActiveCfg = Debug|Any CPU
		{C6541F3B-C877-4AE9-80B0-45380C3C01A8}.Debug|Any CPU.Build.0 = Debug|Any CPU
		{C6541F3B-C877-4AE9-80B0-45380C3C01A8}.Release|Any CPU.ActiveCfg = Release|Any CPU
		{C6541F3B-C877-4AE9-80B0-45380C3C01A8}.Release|Any CPU.Build.0 = Release|Any CPU
		{CCA50653-E00E-4975-A149-93E22D3B0889}.Debug|Any CPU.ActiveCfg = Debug|Any CPU
		{CCA50653-E00E-4975-A149-93E22D3B0889}.Debug|Any CPU.Build.0 = Debug|Any CPU
		{CCA50653-E00E-4975-A149-93E22D3B0889}.Release|Any CPU.ActiveCfg = Release|Any CPU
		{CCA50653-E00E-4975-A149-93E22D3B0889}.Release|Any CPU.Build.0 = Release|Any CPU
		{F03550F5-AF27-455A-99EC-CCBF00D5CDA8}.Debug|Any CPU.ActiveCfg = Debug|Any CPU
		{F03550F5-AF27-455A-99EC-CCBF00D5CDA8}.Debug|Any CPU.Build.0 = Debug|Any CPU
		{F03550F5-AF27-455A-99EC-CCBF00D5CDA8}.Release|Any CPU.ActiveCfg = Release|Any CPU
		{F03550F5-AF27-455A-99EC-CCBF00D5CDA8}.Release|Any CPU.Build.0 = Release|Any CPU
		{CB324FC2-C66D-4F43-9A6A-17101BE7255F}.Debug|Any CPU.ActiveCfg = Debug|Any CPU
		{CB324FC2-C66D-4F43-9A6A-17101BE7255F}.Debug|Any CPU.Build.0 = Debug|Any CPU
		{CB324FC2-C66D-4F43-9A6A-17101BE7255F}.Release|Any CPU.ActiveCfg = Release|Any CPU
		{CB324FC2-C66D-4F43-9A6A-17101BE7255F}.Release|Any CPU.Build.0 = Release|Any CPU
		{BB2568AC-3474-4E6E-8962-DCDF3BDF4B6E}.Debug|Any CPU.ActiveCfg = Debug|Any CPU
		{BB2568AC-3474-4E6E-8962-DCDF3BDF4B6E}.Debug|Any CPU.Build.0 = Debug|Any CPU
		{BB2568AC-3474-4E6E-8962-DCDF3BDF4B6E}.Release|Any CPU.ActiveCfg = Release|Any CPU
		{BB2568AC-3474-4E6E-8962-DCDF3BDF4B6E}.Release|Any CPU.Build.0 = Release|Any CPU
		{DD2AFD5F-E5D6-4F84-B7F9-2E727F5F81EE}.Debug|Any CPU.ActiveCfg = Debug|Any CPU
		{DD2AFD5F-E5D6-4F84-B7F9-2E727F5F81EE}.Debug|Any CPU.Build.0 = Debug|Any CPU
		{DD2AFD5F-E5D6-4F84-B7F9-2E727F5F81EE}.Release|Any CPU.ActiveCfg = Release|Any CPU
		{DD2AFD5F-E5D6-4F84-B7F9-2E727F5F81EE}.Release|Any CPU.Build.0 = Release|Any CPU
		{446B4FBC-19FC-44B1-A4C3-CAE00781F086}.Debug|Any CPU.ActiveCfg = Debug|Any CPU
		{446B4FBC-19FC-44B1-A4C3-CAE00781F086}.Debug|Any CPU.Build.0 = Debug|Any CPU
		{446B4FBC-19FC-44B1-A4C3-CAE00781F086}.Release|Any CPU.ActiveCfg = Release|Any CPU
		{446B4FBC-19FC-44B1-A4C3-CAE00781F086}.Release|Any CPU.Build.0 = Release|Any CPU
		{498CCFB5-088D-4DE4-8514-ACA92ABB4386}.Debug|Any CPU.ActiveCfg = Debug|Any CPU
		{498CCFB5-088D-4DE4-8514-ACA92ABB4386}.Debug|Any CPU.Build.0 = Debug|Any CPU
		{498CCFB5-088D-4DE4-8514-ACA92ABB4386}.Release|Any CPU.ActiveCfg = Release|Any CPU
		{498CCFB5-088D-4DE4-8514-ACA92ABB4386}.Release|Any CPU.Build.0 = Release|Any CPU
		{2A49EF72-943A-424F-A825-FA83BA2CC682}.Debug|Any CPU.ActiveCfg = Debug|Any CPU
		{2A49EF72-943A-424F-A825-FA83BA2CC682}.Debug|Any CPU.Build.0 = Debug|Any CPU
		{2A49EF72-943A-424F-A825-FA83BA2CC682}.Release|Any CPU.ActiveCfg = Release|Any CPU
		{2A49EF72-943A-424F-A825-FA83BA2CC682}.Release|Any CPU.Build.0 = Release|Any CPU
		{06F61BAE-B4B9-40C4-872D-D420135307AD}.Debug|Any CPU.ActiveCfg = Debug|Any CPU
		{06F61BAE-B4B9-40C4-872D-D420135307AD}.Debug|Any CPU.Build.0 = Debug|Any CPU
		{06F61BAE-B4B9-40C4-872D-D420135307AD}.Release|Any CPU.ActiveCfg = Release|Any CPU
		{06F61BAE-B4B9-40C4-872D-D420135307AD}.Release|Any CPU.Build.0 = Release|Any CPU
		{9859B35A-840E-446B-92A9-CDD07D001EAD}.Debug|Any CPU.ActiveCfg = Debug|Any CPU
		{9859B35A-840E-446B-92A9-CDD07D001EAD}.Debug|Any CPU.Build.0 = Debug|Any CPU
		{9859B35A-840E-446B-92A9-CDD07D001EAD}.Release|Any CPU.ActiveCfg = Release|Any CPU
		{9859B35A-840E-446B-92A9-CDD07D001EAD}.Release|Any CPU.Build.0 = Release|Any CPU
		{ECD72435-DF57-490E-A8FB-5DCA179FC5BD}.Debug|Any CPU.ActiveCfg = Debug|Any CPU
		{ECD72435-DF57-490E-A8FB-5DCA179FC5BD}.Debug|Any CPU.Build.0 = Debug|Any CPU
		{ECD72435-DF57-490E-A8FB-5DCA179FC5BD}.Release|Any CPU.ActiveCfg = Release|Any CPU
		{ECD72435-DF57-490E-A8FB-5DCA179FC5BD}.Release|Any CPU.Build.0 = Release|Any CPU
		{5E510619-A0B4-4DC7-AA2F-2B97E5357ECC}.Debug|Any CPU.ActiveCfg = Debug|Any CPU
		{5E510619-A0B4-4DC7-AA2F-2B97E5357ECC}.Debug|Any CPU.Build.0 = Debug|Any CPU
		{5E510619-A0B4-4DC7-AA2F-2B97E5357ECC}.Release|Any CPU.ActiveCfg = Release|Any CPU
		{5E510619-A0B4-4DC7-AA2F-2B97E5357ECC}.Release|Any CPU.Build.0 = Release|Any CPU
		{B55A135A-06E3-4D3F-B1E5-B6427C530B45}.Debug|Any CPU.ActiveCfg = Debug|Any CPU
		{B55A135A-06E3-4D3F-B1E5-B6427C530B45}.Debug|Any CPU.Build.0 = Debug|Any CPU
		{B55A135A-06E3-4D3F-B1E5-B6427C530B45}.Release|Any CPU.ActiveCfg = Release|Any CPU
		{B55A135A-06E3-4D3F-B1E5-B6427C530B45}.Release|Any CPU.Build.0 = Release|Any CPU
		{E989D72A-F5F4-4968-9CD4-7527A366CE4C}.Debug|Any CPU.ActiveCfg = Debug|Any CPU
		{E989D72A-F5F4-4968-9CD4-7527A366CE4C}.Debug|Any CPU.Build.0 = Debug|Any CPU
		{E989D72A-F5F4-4968-9CD4-7527A366CE4C}.Release|Any CPU.ActiveCfg = Release|Any CPU
		{E989D72A-F5F4-4968-9CD4-7527A366CE4C}.Release|Any CPU.Build.0 = Release|Any CPU
		{959542D0-A369-4A75-8520-181A71B4D747}.Debug|Any CPU.ActiveCfg = Debug|Any CPU
		{959542D0-A369-4A75-8520-181A71B4D747}.Debug|Any CPU.Build.0 = Debug|Any CPU
		{959542D0-A369-4A75-8520-181A71B4D747}.Release|Any CPU.ActiveCfg = Release|Any CPU
		{959542D0-A369-4A75-8520-181A71B4D747}.Release|Any CPU.Build.0 = Release|Any CPU
		{68B3E4B1-FB85-4D07-97B8-37F992770D80}.Debug|Any CPU.ActiveCfg = Debug|Any CPU
		{68B3E4B1-FB85-4D07-97B8-37F992770D80}.Debug|Any CPU.Build.0 = Debug|Any CPU
		{68B3E4B1-FB85-4D07-97B8-37F992770D80}.Release|Any CPU.ActiveCfg = Release|Any CPU
		{68B3E4B1-FB85-4D07-97B8-37F992770D80}.Release|Any CPU.Build.0 = Release|Any CPU
		{2BFACDC3-F44D-4199-8498-F5C3C4AC0335}.Debug|Any CPU.ActiveCfg = Debug|Any CPU
		{2BFACDC3-F44D-4199-8498-F5C3C4AC0335}.Debug|Any CPU.Build.0 = Debug|Any CPU
		{2BFACDC3-F44D-4199-8498-F5C3C4AC0335}.Release|Any CPU.ActiveCfg = Release|Any CPU
		{2BFACDC3-F44D-4199-8498-F5C3C4AC0335}.Release|Any CPU.Build.0 = Release|Any CPU
		{E461C0A8-8900-485C-B520-E929BA33F712}.Debug|Any CPU.ActiveCfg = Debug|Any CPU
		{E461C0A8-8900-485C-B520-E929BA33F712}.Debug|Any CPU.Build.0 = Debug|Any CPU
		{E461C0A8-8900-485C-B520-E929BA33F712}.Release|Any CPU.ActiveCfg = Release|Any CPU
		{E461C0A8-8900-485C-B520-E929BA33F712}.Release|Any CPU.Build.0 = Release|Any CPU
		{A9AFB75D-CE41-4948-B8EF-65D25DC99DB7}.Debug|Any CPU.ActiveCfg = Debug|Any CPU
		{A9AFB75D-CE41-4948-B8EF-65D25DC99DB7}.Debug|Any CPU.Build.0 = Debug|Any CPU
		{A9AFB75D-CE41-4948-B8EF-65D25DC99DB7}.Release|Any CPU.ActiveCfg = Release|Any CPU
		{A9AFB75D-CE41-4948-B8EF-65D25DC99DB7}.Release|Any CPU.Build.0 = Release|Any CPU
		{6FC29E00-7F64-4493-AB78-AD47218DA304}.Debug|Any CPU.ActiveCfg = Debug|Any CPU
		{6FC29E00-7F64-4493-AB78-AD47218DA304}.Debug|Any CPU.Build.0 = Debug|Any CPU
		{6FC29E00-7F64-4493-AB78-AD47218DA304}.Release|Any CPU.ActiveCfg = Release|Any CPU
		{6FC29E00-7F64-4493-AB78-AD47218DA304}.Release|Any CPU.Build.0 = Release|Any CPU
		{610C29F0-3C58-4AB7-A04B-F54438FDF4A1}.Debug|Any CPU.ActiveCfg = Debug|Any CPU
		{610C29F0-3C58-4AB7-A04B-F54438FDF4A1}.Debug|Any CPU.Build.0 = Debug|Any CPU
		{610C29F0-3C58-4AB7-A04B-F54438FDF4A1}.Release|Any CPU.ActiveCfg = Release|Any CPU
		{610C29F0-3C58-4AB7-A04B-F54438FDF4A1}.Release|Any CPU.Build.0 = Release|Any CPU
		{DA636FA9-6FFF-4490-B634-4EBC07FDD5E0}.Debug|Any CPU.ActiveCfg = Debug|Any CPU
		{DA636FA9-6FFF-4490-B634-4EBC07FDD5E0}.Debug|Any CPU.Build.0 = Debug|Any CPU
		{DA636FA9-6FFF-4490-B634-4EBC07FDD5E0}.Release|Any CPU.ActiveCfg = Release|Any CPU
		{DA636FA9-6FFF-4490-B634-4EBC07FDD5E0}.Release|Any CPU.Build.0 = Release|Any CPU
		{4F977F4D-E0A7-4DC3-BECC-FB5023C3189F}.Debug|Any CPU.ActiveCfg = Debug|Any CPU
		{4F977F4D-E0A7-4DC3-BECC-FB5023C3189F}.Debug|Any CPU.Build.0 = Debug|Any CPU
		{4F977F4D-E0A7-4DC3-BECC-FB5023C3189F}.Release|Any CPU.ActiveCfg = Release|Any CPU
		{4F977F4D-E0A7-4DC3-BECC-FB5023C3189F}.Release|Any CPU.Build.0 = Release|Any CPU
		{D4F50074-72B8-4781-9C81-39B00224BA24}.Debug|Any CPU.ActiveCfg = Debug|Any CPU
		{D4F50074-72B8-4781-9C81-39B00224BA24}.Debug|Any CPU.Build.0 = Debug|Any CPU
		{D4F50074-72B8-4781-9C81-39B00224BA24}.Release|Any CPU.ActiveCfg = Release|Any CPU
		{D4F50074-72B8-4781-9C81-39B00224BA24}.Release|Any CPU.Build.0 = Release|Any CPU
		{215658C3-3BB9-4C24-905C-0A026BA86915}.Debug|Any CPU.ActiveCfg = Debug|Any CPU
		{215658C3-3BB9-4C24-905C-0A026BA86915}.Debug|Any CPU.Build.0 = Debug|Any CPU
		{215658C3-3BB9-4C24-905C-0A026BA86915}.Release|Any CPU.ActiveCfg = Release|Any CPU
		{215658C3-3BB9-4C24-905C-0A026BA86915}.Release|Any CPU.Build.0 = Release|Any CPU
		{6687F8C4-3982-4A88-B0D6-8D3031710BB1}.Debug|Any CPU.ActiveCfg = Debug|Any CPU
		{6687F8C4-3982-4A88-B0D6-8D3031710BB1}.Debug|Any CPU.Build.0 = Debug|Any CPU
		{6687F8C4-3982-4A88-B0D6-8D3031710BB1}.Release|Any CPU.ActiveCfg = Release|Any CPU
		{6687F8C4-3982-4A88-B0D6-8D3031710BB1}.Release|Any CPU.Build.0 = Release|Any CPU
		{D614FA80-D264-4E2D-B07B-9515A14F9D1E}.Debug|Any CPU.ActiveCfg = Debug|Any CPU
		{D614FA80-D264-4E2D-B07B-9515A14F9D1E}.Debug|Any CPU.Build.0 = Debug|Any CPU
		{D614FA80-D264-4E2D-B07B-9515A14F9D1E}.Release|Any CPU.ActiveCfg = Release|Any CPU
		{D614FA80-D264-4E2D-B07B-9515A14F9D1E}.Release|Any CPU.Build.0 = Release|Any CPU
		{A35CB0B0-CDCE-48DB-98D7-19F3B08BE6E4}.Debug|Any CPU.ActiveCfg = Debug|Any CPU
		{A35CB0B0-CDCE-48DB-98D7-19F3B08BE6E4}.Debug|Any CPU.Build.0 = Debug|Any CPU
		{A35CB0B0-CDCE-48DB-98D7-19F3B08BE6E4}.Release|Any CPU.ActiveCfg = Release|Any CPU
		{A35CB0B0-CDCE-48DB-98D7-19F3B08BE6E4}.Release|Any CPU.Build.0 = Release|Any CPU
		{A3F3C2D0-0892-43B6-B935-809D5A0B498D}.Debug|Any CPU.ActiveCfg = Debug|Any CPU
		{A3F3C2D0-0892-43B6-B935-809D5A0B498D}.Debug|Any CPU.Build.0 = Debug|Any CPU
		{A3F3C2D0-0892-43B6-B935-809D5A0B498D}.Release|Any CPU.ActiveCfg = Release|Any CPU
		{A3F3C2D0-0892-43B6-B935-809D5A0B498D}.Release|Any CPU.Build.0 = Release|Any CPU
		{19D0A1E7-95A4-4DA0-B42C-9878E1D69247}.Debug|Any CPU.ActiveCfg = Debug|Any CPU
		{19D0A1E7-95A4-4DA0-B42C-9878E1D69247}.Debug|Any CPU.Build.0 = Debug|Any CPU
		{19D0A1E7-95A4-4DA0-B42C-9878E1D69247}.Release|Any CPU.ActiveCfg = Release|Any CPU
		{19D0A1E7-95A4-4DA0-B42C-9878E1D69247}.Release|Any CPU.Build.0 = Release|Any CPU
		{18EA4E3A-0E88-4781-A30C-062FD4F07B2A}.Debug|Any CPU.ActiveCfg = Debug|Any CPU
		{18EA4E3A-0E88-4781-A30C-062FD4F07B2A}.Debug|Any CPU.Build.0 = Debug|Any CPU
		{18EA4E3A-0E88-4781-A30C-062FD4F07B2A}.Release|Any CPU.ActiveCfg = Release|Any CPU
		{18EA4E3A-0E88-4781-A30C-062FD4F07B2A}.Release|Any CPU.Build.0 = Release|Any CPU
		{527779AA-AE47-4C44-84F7-8F1EFC4CAB3F}.Debug|Any CPU.ActiveCfg = Debug|Any CPU
		{527779AA-AE47-4C44-84F7-8F1EFC4CAB3F}.Debug|Any CPU.Build.0 = Debug|Any CPU
		{527779AA-AE47-4C44-84F7-8F1EFC4CAB3F}.Release|Any CPU.ActiveCfg = Release|Any CPU
		{527779AA-AE47-4C44-84F7-8F1EFC4CAB3F}.Release|Any CPU.Build.0 = Release|Any CPU
		{F7078A30-E086-4FC5-886C-D51BAC08063B}.Debug|Any CPU.ActiveCfg = Debug|Any CPU
		{F7078A30-E086-4FC5-886C-D51BAC08063B}.Debug|Any CPU.Build.0 = Debug|Any CPU
		{F7078A30-E086-4FC5-886C-D51BAC08063B}.Release|Any CPU.ActiveCfg = Release|Any CPU
		{F7078A30-E086-4FC5-886C-D51BAC08063B}.Release|Any CPU.Build.0 = Release|Any CPU
		{112F337C-A1E2-4631-BF48-8A634B32F9CF}.Debug|Any CPU.ActiveCfg = Debug|Any CPU
		{112F337C-A1E2-4631-BF48-8A634B32F9CF}.Debug|Any CPU.Build.0 = Debug|Any CPU
		{112F337C-A1E2-4631-BF48-8A634B32F9CF}.Release|Any CPU.ActiveCfg = Release|Any CPU
		{112F337C-A1E2-4631-BF48-8A634B32F9CF}.Release|Any CPU.Build.0 = Release|Any CPU
		{086919A8-52F8-4E6D-8281-9AE3F09CDBC3}.Debug|Any CPU.ActiveCfg = Debug|Any CPU
		{086919A8-52F8-4E6D-8281-9AE3F09CDBC3}.Debug|Any CPU.Build.0 = Debug|Any CPU
		{086919A8-52F8-4E6D-8281-9AE3F09CDBC3}.Release|Any CPU.ActiveCfg = Release|Any CPU
		{086919A8-52F8-4E6D-8281-9AE3F09CDBC3}.Release|Any CPU.Build.0 = Release|Any CPU
		{6DB77199-B040-400C-9A5A-16D5C91F7DE5}.Debug|Any CPU.ActiveCfg = Debug|Any CPU
		{6DB77199-B040-400C-9A5A-16D5C91F7DE5}.Debug|Any CPU.Build.0 = Debug|Any CPU
		{6DB77199-B040-400C-9A5A-16D5C91F7DE5}.Release|Any CPU.ActiveCfg = Release|Any CPU
		{6DB77199-B040-400C-9A5A-16D5C91F7DE5}.Release|Any CPU.Build.0 = Release|Any CPU
		{77D067FF-DD10-4037-B6FB-21A0B7EA2C22}.Debug|Any CPU.ActiveCfg = Debug|Any CPU
		{77D067FF-DD10-4037-B6FB-21A0B7EA2C22}.Debug|Any CPU.Build.0 = Debug|Any CPU
		{77D067FF-DD10-4037-B6FB-21A0B7EA2C22}.Release|Any CPU.ActiveCfg = Release|Any CPU
		{77D067FF-DD10-4037-B6FB-21A0B7EA2C22}.Release|Any CPU.Build.0 = Release|Any CPU
		{BD59CF2F-FB6A-46A6-80DA-C343EB91EA14}.Debug|Any CPU.ActiveCfg = Debug|Any CPU
		{BD59CF2F-FB6A-46A6-80DA-C343EB91EA14}.Debug|Any CPU.Build.0 = Debug|Any CPU
		{BD59CF2F-FB6A-46A6-80DA-C343EB91EA14}.Release|Any CPU.ActiveCfg = Release|Any CPU
		{BD59CF2F-FB6A-46A6-80DA-C343EB91EA14}.Release|Any CPU.Build.0 = Release|Any CPU
		{BCE0A141-9952-4A52-A976-83663DDDD39E}.Debug|Any CPU.ActiveCfg = Debug|Any CPU
		{BCE0A141-9952-4A52-A976-83663DDDD39E}.Debug|Any CPU.Build.0 = Debug|Any CPU
		{BCE0A141-9952-4A52-A976-83663DDDD39E}.Release|Any CPU.ActiveCfg = Release|Any CPU
		{BCE0A141-9952-4A52-A976-83663DDDD39E}.Release|Any CPU.Build.0 = Release|Any CPU
		{79E9586D-3E43-46BF-A5F2-A121207DBC7B}.Debug|Any CPU.ActiveCfg = Debug|Any CPU
		{79E9586D-3E43-46BF-A5F2-A121207DBC7B}.Debug|Any CPU.Build.0 = Debug|Any CPU
		{79E9586D-3E43-46BF-A5F2-A121207DBC7B}.Release|Any CPU.ActiveCfg = Release|Any CPU
		{79E9586D-3E43-46BF-A5F2-A121207DBC7B}.Release|Any CPU.Build.0 = Release|Any CPU
		{FEFEB3FF-FF38-4116-9ED4-478244F73841}.Debug|Any CPU.ActiveCfg = Debug|Any CPU
		{FEFEB3FF-FF38-4116-9ED4-478244F73841}.Debug|Any CPU.Build.0 = Debug|Any CPU
		{FEFEB3FF-FF38-4116-9ED4-478244F73841}.Release|Any CPU.ActiveCfg = Release|Any CPU
		{FEFEB3FF-FF38-4116-9ED4-478244F73841}.Release|Any CPU.Build.0 = Release|Any CPU
		{59259BF9-B19D-434C-816E-894EDD7BCBDC}.Debug|Any CPU.ActiveCfg = Debug|Any CPU
		{59259BF9-B19D-434C-816E-894EDD7BCBDC}.Debug|Any CPU.Build.0 = Debug|Any CPU
		{59259BF9-B19D-434C-816E-894EDD7BCBDC}.Release|Any CPU.ActiveCfg = Release|Any CPU
		{59259BF9-B19D-434C-816E-894EDD7BCBDC}.Release|Any CPU.Build.0 = Release|Any CPU
		{DA26CA4F-4F10-47B5-8B7D-4E24F1866E35}.Debug|Any CPU.ActiveCfg = Debug|Any CPU
		{DA26CA4F-4F10-47B5-8B7D-4E24F1866E35}.Debug|Any CPU.Build.0 = Debug|Any CPU
		{DA26CA4F-4F10-47B5-8B7D-4E24F1866E35}.Release|Any CPU.ActiveCfg = Release|Any CPU
		{DA26CA4F-4F10-47B5-8B7D-4E24F1866E35}.Release|Any CPU.Build.0 = Release|Any CPU
		{527D3D55-50FC-4B42-B839-8227278C6E3B}.Debug|Any CPU.ActiveCfg = Debug|Any CPU
		{527D3D55-50FC-4B42-B839-8227278C6E3B}.Debug|Any CPU.Build.0 = Debug|Any CPU
		{527D3D55-50FC-4B42-B839-8227278C6E3B}.Release|Any CPU.ActiveCfg = Release|Any CPU
		{527D3D55-50FC-4B42-B839-8227278C6E3B}.Release|Any CPU.Build.0 = Release|Any CPU
		{48C17D6B-689D-4538-8109-4321E6A49EDA}.Debug|Any CPU.ActiveCfg = Debug|Any CPU
		{48C17D6B-689D-4538-8109-4321E6A49EDA}.Debug|Any CPU.Build.0 = Debug|Any CPU
		{48C17D6B-689D-4538-8109-4321E6A49EDA}.Release|Any CPU.ActiveCfg = Release|Any CPU
		{48C17D6B-689D-4538-8109-4321E6A49EDA}.Release|Any CPU.Build.0 = Release|Any CPU
		{75F781EC-BF84-477F-B84D-7C827C0D8BBA}.Debug|Any CPU.ActiveCfg = Debug|Any CPU
		{75F781EC-BF84-477F-B84D-7C827C0D8BBA}.Debug|Any CPU.Build.0 = Debug|Any CPU
		{75F781EC-BF84-477F-B84D-7C827C0D8BBA}.Release|Any CPU.ActiveCfg = Release|Any CPU
		{75F781EC-BF84-477F-B84D-7C827C0D8BBA}.Release|Any CPU.Build.0 = Release|Any CPU
		{62EF55D7-597E-4B08-877A-35BFF680C65D}.Debug|Any CPU.ActiveCfg = Debug|Any CPU
		{62EF55D7-597E-4B08-877A-35BFF680C65D}.Debug|Any CPU.Build.0 = Debug|Any CPU
		{62EF55D7-597E-4B08-877A-35BFF680C65D}.Release|Any CPU.ActiveCfg = Release|Any CPU
		{62EF55D7-597E-4B08-877A-35BFF680C65D}.Release|Any CPU.Build.0 = Release|Any CPU
		{3B9239E6-7E9C-41E4-8F37-9F84234516D1}.Debug|Any CPU.ActiveCfg = Debug|Any CPU
		{3B9239E6-7E9C-41E4-8F37-9F84234516D1}.Debug|Any CPU.Build.0 = Debug|Any CPU
		{3B9239E6-7E9C-41E4-8F37-9F84234516D1}.Release|Any CPU.ActiveCfg = Release|Any CPU
		{3B9239E6-7E9C-41E4-8F37-9F84234516D1}.Release|Any CPU.Build.0 = Release|Any CPU
	EndGlobalSection
	GlobalSection(SolutionProperties) = preSolution
		HideSolutionNode = FALSE
	EndGlobalSection
	GlobalSection(NestedProjects) = preSolution
		{3C42649B-0191-4F56-AB11-41EE6C724781} = {84E54897-4471-43F4-AA26-82791BC81752}
		{0007F479-9992-438E-AF76-14EB519D4F9A} = {84E54897-4471-43F4-AA26-82791BC81752}
		{964B00D8-F6A2-4CA9-A79A-E0A62AC958F5} = {84E54897-4471-43F4-AA26-82791BC81752}
		{AC8E722D-F7CA-4F98-9A9C-7806E74ABC24} = {616C3EA6-FA56-4E8D-835E-6E7F3E30D12E}
		{561D6936-2007-4B18-8E67-A428B764C49D} = {D2C8C647-4A14-4F0D-B362-8EF7D769B431}
		{06E8502C-6556-4902-8266-672E3EEEA1C0} = {561D6936-2007-4B18-8E67-A428B764C49D}
		{E2D9A9BB-AF63-4B35-B6BE-B2283466CEBE} = {D2C8C647-4A14-4F0D-B362-8EF7D769B431}
		{792300EE-AA9C-4CEE-A3C4-169338EC2BD5} = {E2D9A9BB-AF63-4B35-B6BE-B2283466CEBE}
		{43622DD5-6C66-4001-9283-BFB646242A44} = {D2C8C647-4A14-4F0D-B362-8EF7D769B431}
		{8D82221C-589B-4FBE-A347-CFDAE981F16D} = {43622DD5-6C66-4001-9283-BFB646242A44}
		{430BE181-5963-4328-BB54-A2423DFEC39E} = {43622DD5-6C66-4001-9283-BFB646242A44}
		{723BACE3-4203-4927-A14C-DFABDF00ECFA} = {43622DD5-6C66-4001-9283-BFB646242A44}
		{C6541F3B-C877-4AE9-80B0-45380C3C01A8} = {580C89E7-D6C5-4E43-AEA8-4970B12B2134}
		{CCA50653-E00E-4975-A149-93E22D3B0889} = {580C89E7-D6C5-4E43-AEA8-4970B12B2134}
		{F03550F5-AF27-455A-99EC-CCBF00D5CDA8} = {580C89E7-D6C5-4E43-AEA8-4970B12B2134}
		{B12C3F03-124E-4944-88E2-E298D80794EA} = {580C89E7-D6C5-4E43-AEA8-4970B12B2134}
		{CB324FC2-C66D-4F43-9A6A-17101BE7255F} = {B12C3F03-124E-4944-88E2-E298D80794EA}
		{BB2568AC-3474-4E6E-8962-DCDF3BDF4B6E} = {B12C3F03-124E-4944-88E2-E298D80794EA}
		{8A13E1D3-7964-4428-B007-41CEA6F856AE} = {ADFEB727-D785-4534-9EC1-B0376DA05591}
		{DD2AFD5F-E5D6-4F84-B7F9-2E727F5F81EE} = {8A13E1D3-7964-4428-B007-41CEA6F856AE}
		{9E7C5545-1B46-461B-AAB8-01D54272AFBF} = {ADFEB727-D785-4534-9EC1-B0376DA05591}
		{446B4FBC-19FC-44B1-A4C3-CAE00781F086} = {9E7C5545-1B46-461B-AAB8-01D54272AFBF}
		{47140D9E-292A-473D-A78A-78FD3AA283AA} = {ADFEB727-D785-4534-9EC1-B0376DA05591}
		{498CCFB5-088D-4DE4-8514-ACA92ABB4386} = {47140D9E-292A-473D-A78A-78FD3AA283AA}
		{2A49EF72-943A-424F-A825-FA83BA2CC682} = {47140D9E-292A-473D-A78A-78FD3AA283AA}
		{005C3ACF-DFC9-44FB-8232-718576D1F039} = {15B3FD10-273A-4040-A418-544F1EB198E3}
		{06F61BAE-B4B9-40C4-872D-D420135307AD} = {005C3ACF-DFC9-44FB-8232-718576D1F039}
		{9859B35A-840E-446B-92A9-CDD07D001EAD} = {005C3ACF-DFC9-44FB-8232-718576D1F039}
		{ECD72435-DF57-490E-A8FB-5DCA179FC5BD} = {005C3ACF-DFC9-44FB-8232-718576D1F039}
		{5E510619-A0B4-4DC7-AA2F-2B97E5357ECC} = {005C3ACF-DFC9-44FB-8232-718576D1F039}
		{B55A135A-06E3-4D3F-B1E5-B6427C530B45} = {496C8571-6CA0-4870-986C-757DA321EBA7}
		{E989D72A-F5F4-4968-9CD4-7527A366CE4C} = {496C8571-6CA0-4870-986C-757DA321EBA7}
		{63C61517-8ACE-4273-BF0D-E0D98323DB12} = {496C8571-6CA0-4870-986C-757DA321EBA7}
		{959542D0-A369-4A75-8520-181A71B4D747} = {63C61517-8ACE-4273-BF0D-E0D98323DB12}
		{68B3E4B1-FB85-4D07-97B8-37F992770D80} = {63C61517-8ACE-4273-BF0D-E0D98323DB12}
		{2BFACDC3-F44D-4199-8498-F5C3C4AC0335} = {68C42F32-275B-4D7A-8AC2-7531D6DC3CEC}
		{E461C0A8-8900-485C-B520-E929BA33F712} = {68C42F32-275B-4D7A-8AC2-7531D6DC3CEC}
		{A9AFB75D-CE41-4948-B8EF-65D25DC99DB7} = {1FC6EA37-8C04-474B-85E3-DEF6C59CF341}
		{6FC29E00-7F64-4493-AB78-AD47218DA304} = {1FC6EA37-8C04-474B-85E3-DEF6C59CF341}
		{610C29F0-3C58-4AB7-A04B-F54438FDF4A1} = {1FC6EA37-8C04-474B-85E3-DEF6C59CF341}
		{DA636FA9-6FFF-4490-B634-4EBC07FDD5E0} = {1FC6EA37-8C04-474B-85E3-DEF6C59CF341}
		{DC8CF740-2972-4D9F-90C5-628E7309DCDD} = {1FC6EA37-8C04-474B-85E3-DEF6C59CF341}
		{4F977F4D-E0A7-4DC3-BECC-FB5023C3189F} = {DC8CF740-2972-4D9F-90C5-628E7309DCDD}
		{D4F50074-72B8-4781-9C81-39B00224BA24} = {DC8CF740-2972-4D9F-90C5-628E7309DCDD}
		{DC1FFAA7-9BF3-4B3F-A875-7CF7F7369436} = {8B07F094-F1FF-46FC-A007-090CE9D318A2}
		{215658C3-3BB9-4C24-905C-0A026BA86915} = {DC1FFAA7-9BF3-4B3F-A875-7CF7F7369436}
		{6687F8C4-3982-4A88-B0D6-8D3031710BB1} = {DC1FFAA7-9BF3-4B3F-A875-7CF7F7369436}
		{D614FA80-D264-4E2D-B07B-9515A14F9D1E} = {DC1FFAA7-9BF3-4B3F-A875-7CF7F7369436}
		{777D55DC-A439-4A16-811B-2CC901312E8F} = {8B07F094-F1FF-46FC-A007-090CE9D318A2}
		{A35CB0B0-CDCE-48DB-98D7-19F3B08BE6E4} = {777D55DC-A439-4A16-811B-2CC901312E8F}
		{A3F3C2D0-0892-43B6-B935-809D5A0B498D} = {212F817F-2EA8-4CAB-B91C-C9C46DE86774}
		{19D0A1E7-95A4-4DA0-B42C-9878E1D69247} = {A5B09EFC-8E26-4C80-BF36-6BABD4820C9A}
		{18EA4E3A-0E88-4781-A30C-062FD4F07B2A} = {75EE6F8E-D7CE-4191-8A3C-AA868B610D1A}
		{527779AA-AE47-4C44-84F7-8F1EFC4CAB3F} = {75EE6F8E-D7CE-4191-8A3C-AA868B610D1A}
		{F7078A30-E086-4FC5-886C-D51BAC08063B} = {75EE6F8E-D7CE-4191-8A3C-AA868B610D1A}
		{112F337C-A1E2-4631-BF48-8A634B32F9CF} = {212F817F-2EA8-4CAB-B91C-C9C46DE86774}
		{086919A8-52F8-4E6D-8281-9AE3F09CDBC3} = {FE67B9AF-5647-42DA-A83B-F9E95A202504}
		{6DB77199-B040-400C-9A5A-16D5C91F7DE5} = {FE67B9AF-5647-42DA-A83B-F9E95A202504}
		{D6D13EC6-8821-4BB7-AEDC-6D3B6ED964F3} = {FE67B9AF-5647-42DA-A83B-F9E95A202504}
		{77D067FF-DD10-4037-B6FB-21A0B7EA2C22} = {D6D13EC6-8821-4BB7-AEDC-6D3B6ED964F3}
		{BD59CF2F-FB6A-46A6-80DA-C343EB91EA14} = {D6D13EC6-8821-4BB7-AEDC-6D3B6ED964F3}
		{BCE0A141-9952-4A52-A976-83663DDDD39E} = {D6D13EC6-8821-4BB7-AEDC-6D3B6ED964F3}
		{79E9586D-3E43-46BF-A5F2-A121207DBC7B} = {D6D13EC6-8821-4BB7-AEDC-6D3B6ED964F3}
		{FEFEB3FF-FF38-4116-9ED4-478244F73841} = {D6D13EC6-8821-4BB7-AEDC-6D3B6ED964F3}
		{59259BF9-B19D-434C-816E-894EDD7BCBDC} = {D6D13EC6-8821-4BB7-AEDC-6D3B6ED964F3}
		{DA26CA4F-4F10-47B5-8B7D-4E24F1866E35} = {AECA91FE-C47E-45BF-8B95-FE43D4DF4BD0}
		{E0822694-0A81-405C-B7DC-35061466F4E3} = {AECA91FE-C47E-45BF-8B95-FE43D4DF4BD0}
		{527D3D55-50FC-4B42-B839-8227278C6E3B} = {E0822694-0A81-405C-B7DC-35061466F4E3}
		{48C17D6B-689D-4538-8109-4321E6A49EDA} = {0C769668-782E-4D60-B37D-00E9FDE10998}
		{6F9D3762-BDE4-489E-A150-7DDB72C50441} = {0C769668-782E-4D60-B37D-00E9FDE10998}
		{75F781EC-BF84-477F-B84D-7C827C0D8BBA} = {6F9D3762-BDE4-489E-A150-7DDB72C50441}
		{62EF55D7-597E-4B08-877A-35BFF680C65D} = {6F9D3762-BDE4-489E-A150-7DDB72C50441}
		{D773572F-D2CD-4EAD-B923-168F5860DBDB} = {0C769668-782E-4D60-B37D-00E9FDE10998}
		{3B9239E6-7E9C-41E4-8F37-9F84234516D1} = {D773572F-D2CD-4EAD-B923-168F5860DBDB}
	EndGlobalSection
	GlobalSection(ExtensibilityGlobals) = postSolution
		SolutionGuid = {162B1717-85B4-438B-B40D-CBD552FD7CB0}
	EndGlobalSection
EndGlobal
